
Microsoft Visual Studio Solution File, Format Version 12.00
# Visual Studio 2013
VisualStudioVersion = 12.0.30501.0
MinimumVisualStudioVersion = 10.0.40219.1
Project("{FAE04EC0-301F-11D3-BF4B-00C04F79EFBC}") = "WebApp", "WebApp\WebApp.csproj", "{7B750D2D-383D-4F62-8199-20B29034DA83}"
EndProject
Project("{FAE04EC0-301F-11D3-BF4B-00C04F79EFBC}") = "MvcSmartNav", "MvcSmartNav\MvcSmartNav.csproj", "{E57375CE-42FA-4502-A4E4-FCA9CF0CD2FA}"
EndProject
Project("{FAE04EC0-301F-11D3-BF4B-00C04F79EFBC}") = "SmartNav.Tests", "SmartNav.Tests\SmartNav.Tests.csproj", "{7B450E8F-06C3-4C12-A856-0878E1A308AB}"
EndProject
Project("{2150E333-8FDC-42A3-9474-1A3956D46DE8}") = "Solution Items", "Solution Items", "{0DC91555-C25C-42C5-80D7-E36CCD8FE299}"
	ProjectSection(SolutionItems) = preProject
		.gitattributes = .gitattributes
		.gitignore = .gitignore
	EndProjectSection
EndProject
Project("{FAE04EC0-301F-11D3-BF4B-00C04F79EFBC}") = "SmartNav.Core", "SmartNav.Core\SmartNav.Core.csproj", "{5395D013-3C71-48D8-AF85-15475717D444}"
EndProject
Project("{FAE04EC0-301F-11D3-BF4B-00C04F79EFBC}") = "SmartNav.Example", "SmartNav.Example\SmartNav.Example.csproj", "{B84505AD-7D7F-4CE5-B140-B4DBC637C81B}"
EndProject
Project("{FAE04EC0-301F-11D3-BF4B-00C04F79EFBC}") = "SmartNav.Mvc", "SmartNav.Mvc\SmartNav.Mvc.csproj", "{71EDED90-EC7C-4D74-84C1-0315F94AC7F7}"
EndProject
Global
	GlobalSection(SolutionConfigurationPlatforms) = preSolution
		Debug|Any CPU = Debug|Any CPU
		Release|Any CPU = Release|Any CPU
	EndGlobalSection
	GlobalSection(ProjectConfigurationPlatforms) = postSolution
		{7B750D2D-383D-4F62-8199-20B29034DA83}.Debug|Any CPU.ActiveCfg = Debug|Any CPU
		{7B750D2D-383D-4F62-8199-20B29034DA83}.Debug|Any CPU.Build.0 = Debug|Any CPU
		{7B750D2D-383D-4F62-8199-20B29034DA83}.Release|Any CPU.ActiveCfg = Release|Any CPU
		{7B750D2D-383D-4F62-8199-20B29034DA83}.Release|Any CPU.Build.0 = Release|Any CPU
		{E57375CE-42FA-4502-A4E4-FCA9CF0CD2FA}.Debug|Any CPU.ActiveCfg = Debug|Any CPU
		{E57375CE-42FA-4502-A4E4-FCA9CF0CD2FA}.Debug|Any CPU.Build.0 = Debug|Any CPU
		{E57375CE-42FA-4502-A4E4-FCA9CF0CD2FA}.Release|Any CPU.ActiveCfg = Release|Any CPU
		{E57375CE-42FA-4502-A4E4-FCA9CF0CD2FA}.Release|Any CPU.Build.0 = Release|Any CPU
		{7B450E8F-06C3-4C12-A856-0878E1A308AB}.Debug|Any CPU.ActiveCfg = Debug|Any CPU
		{7B450E8F-06C3-4C12-A856-0878E1A308AB}.Debug|Any CPU.Build.0 = Debug|Any CPU
		{7B450E8F-06C3-4C12-A856-0878E1A308AB}.Release|Any CPU.ActiveCfg = Release|Any CPU
		{7B450E8F-06C3-4C12-A856-0878E1A308AB}.Release|Any CPU.Build.0 = Release|Any CPU
		{5395D013-3C71-48D8-AF85-15475717D444}.Debug|Any CPU.ActiveCfg = Debug|Any CPU
		{5395D013-3C71-48D8-AF85-15475717D444}.Debug|Any CPU.Build.0 = Debug|Any CPU
		{5395D013-3C71-48D8-AF85-15475717D444}.Release|Any CPU.ActiveCfg = Release|Any CPU
		{5395D013-3C71-48D8-AF85-15475717D444}.Release|Any CPU.Build.0 = Release|Any CPU
		{B84505AD-7D7F-4CE5-B140-B4DBC637C81B}.Debug|Any CPU.ActiveCfg = Debug|Any CPU
		{B84505AD-7D7F-4CE5-B140-B4DBC637C81B}.Debug|Any CPU.Build.0 = Debug|Any CPU
		{B84505AD-7D7F-4CE5-B140-B4DBC637C81B}.Release|Any CPU.ActiveCfg = Release|Any CPU
		{B84505AD-7D7F-4CE5-B140-B4DBC637C81B}.Release|Any CPU.Build.0 = Release|Any CPU
		{71EDED90-EC7C-4D74-84C1-0315F94AC7F7}.Debug|Any CPU.ActiveCfg = Debug|Any CPU
		{71EDED90-EC7C-4D74-84C1-0315F94AC7F7}.Debug|Any CPU.Build.0 = Debug|Any CPU
		{71EDED90-EC7C-4D74-84C1-0315F94AC7F7}.Release|Any CPU.ActiveCfg = Release|Any CPU
		{71EDED90-EC7C-4D74-84C1-0315F94AC7F7}.Release|Any CPU.Build.0 = Release|Any CPU
	EndGlobalSection
	GlobalSection(SolutionProperties) = preSolution
		HideSolutionNode = FALSE
	EndGlobalSection
EndGlobal
